
Microsoft Visual Studio Solution File, Format Version 12.00
# Visual Studio Version 16
VisualStudioVersion = 16.0.30114.105
MinimumVisualStudioVersion = 10.0.40219.1
Project("{FAE04EC0-301F-11D3-BF4B-00C04F79EFBC}") = "Fort.Api", "Fort.Api\Fort.Api.csproj", "{0615F7DC-939B-4DB0-AAD6-2189AF0DF805}"
EndProject
Project("{FAE04EC0-301F-11D3-BF4B-00C04F79EFBC}") = "Fort.Core", "Fort.Core\Fort.Core.csproj", "{5D904459-0E87-45F2-83F6-24043AAD21FA}"
EndProject
Project("{FAE04EC0-301F-11D3-BF4B-00C04F79EFBC}") = "Fort.Application", "Fort.Application\Fort.Application.csproj", "{8E719D57-1DE2-431B-A11D-1D77D452814D}"
EndProject
Global
	GlobalSection(SolutionConfigurationPlatforms) = preSolution
		Debug|Any CPU = Debug|Any CPU
		Release|Any CPU = Release|Any CPU
	EndGlobalSection
	GlobalSection(SolutionProperties) = preSolution
		HideSolutionNode = FALSE
	EndGlobalSection
	GlobalSection(ProjectConfigurationPlatforms) = postSolution
		{0615F7DC-939B-4DB0-AAD6-2189AF0DF805}.Debug|Any CPU.ActiveCfg = Debug|Any CPU
		{0615F7DC-939B-4DB0-AAD6-2189AF0DF805}.Debug|Any CPU.Build.0 = Debug|Any CPU
		{0615F7DC-939B-4DB0-AAD6-2189AF0DF805}.Release|Any CPU.ActiveCfg = Release|Any CPU
		{0615F7DC-939B-4DB0-AAD6-2189AF0DF805}.Release|Any CPU.Build.0 = Release|Any CPU
		{5D904459-0E87-45F2-83F6-24043AAD21FA}.Debug|Any CPU.ActiveCfg = Debug|Any CPU
		{5D904459-0E87-45F2-83F6-24043AAD21FA}.Debug|Any CPU.Build.0 = Debug|Any CPU
		{5D904459-0E87-45F2-83F6-24043AAD21FA}.Release|Any CPU.ActiveCfg = Release|Any CPU
		{5D904459-0E87-45F2-83F6-24043AAD21FA}.Release|Any CPU.Build.0 = Release|Any CPU
		{8E719D57-1DE2-431B-A11D-1D77D452814D}.Debug|Any CPU.ActiveCfg = Debug|Any CPU
		{8E719D57-1DE2-431B-A11D-1D77D452814D}.Debug|Any CPU.Build.0 = Debug|Any CPU
		{8E719D57-1DE2-431B-A11D-1D77D452814D}.Release|Any CPU.ActiveCfg = Release|Any CPU
		{8E719D57-1DE2-431B-A11D-1D77D452814D}.Release|Any CPU.Build.0 = Release|Any CPU
	EndGlobalSection
EndGlobal
