
Microsoft Visual Studio Solution File, Format Version 12.00
# Visual Studio Version 16
VisualStudioVersion = 16.0.30114.105
MinimumVisualStudioVersion = 10.0.40219.1
Project("{FAE04EC0-301F-11D3-BF4B-00C04F79EFBC}") = "Fort.Application", "Fort.Application\Fort.Application.csproj", "{D5FE323B-520D-47CA-971D-EE0E15DE16C0}"
EndProject
Project("{FAE04EC0-301F-11D3-BF4B-00C04F79EFBC}") = "Fort.Domain", "Fort.Domain\Fort.Domain.csproj", "{39D709F6-4E41-42DD-BAE8-D870A2E0A1EC}"
EndProject
Global
	GlobalSection(SolutionConfigurationPlatforms) = preSolution
		Debug|Any CPU = Debug|Any CPU
		Release|Any CPU = Release|Any CPU
	EndGlobalSection
	GlobalSection(SolutionProperties) = preSolution
		HideSolutionNode = FALSE
	EndGlobalSection
	GlobalSection(ProjectConfigurationPlatforms) = postSolution
		{D5FE323B-520D-47CA-971D-EE0E15DE16C0}.Debug|Any CPU.ActiveCfg = Debug|Any CPU
		{D5FE323B-520D-47CA-971D-EE0E15DE16C0}.Debug|Any CPU.Build.0 = Debug|Any CPU
		{D5FE323B-520D-47CA-971D-EE0E15DE16C0}.Release|Any CPU.ActiveCfg = Release|Any CPU
		{D5FE323B-520D-47CA-971D-EE0E15DE16C0}.Release|Any CPU.Build.0 = Release|Any CPU
		{39D709F6-4E41-42DD-BAE8-D870A2E0A1EC}.Debug|Any CPU.ActiveCfg = Debug|Any CPU
		{39D709F6-4E41-42DD-BAE8-D870A2E0A1EC}.Debug|Any CPU.Build.0 = Debug|Any CPU
		{39D709F6-4E41-42DD-BAE8-D870A2E0A1EC}.Release|Any CPU.ActiveCfg = Release|Any CPU
		{39D709F6-4E41-42DD-BAE8-D870A2E0A1EC}.Release|Any CPU.Build.0 = Release|Any CPU
	EndGlobalSection
EndGlobal
